
Microsoft Visual Studio Solution File, Format Version 12.00
# Visual Studio Version 16
VisualStudioVersion = 16.0.29728.190
MinimumVisualStudioVersion = 10.0.40219.1
Project("{FAE04EC0-301F-11D3-BF4B-00C04F79EFBC}") = "EmployeeManagement", "EmployeeManagement\EmployeeManagement.csproj", "{56A2E180-041B-49E1-A90C-35B3729CCFF5}"
EndProject
Global
	GlobalSection(SolutionConfigurationPlatforms) = preSolution
		Debug|Any CPU = Debug|Any CPU
		Release|Any CPU = Release|Any CPU
	EndGlobalSection
	GlobalSection(ProjectConfigurationPlatforms) = postSolution
		{56A2E180-041B-49E1-A90C-35B3729CCFF5}.Debug|Any CPU.ActiveCfg = Debug|Any CPU
		{56A2E180-041B-49E1-A90C-35B3729CCFF5}.Debug|Any CPU.Build.0 = Debug|Any CPU
		{56A2E180-041B-49E1-A90C-35B3729CCFF5}.Release|Any CPU.ActiveCfg = Release|Any CPU
		{56A2E180-041B-49E1-A90C-35B3729CCFF5}.Release|Any CPU.Build.0 = Release|Any CPU
	EndGlobalSection
	GlobalSection(SolutionProperties) = preSolution
		HideSolutionNode = FALSE
	EndGlobalSection
	GlobalSection(ExtensibilityGlobals) = postSolution
		SolutionGuid = {C9FC4AC6-192E-4E89-AE0B-D2BFB2434F42}
	EndGlobalSection
EndGlobal
